
Microsoft Visual Studio Solution File, Format Version 12.00
# Visual Studio 15
VisualStudioVersion = 15.0.27428.2043
MinimumVisualStudioVersion = 10.0.40219.1
Project("{9A19103F-16F7-4668-BE54-9A1E7A4F7556}") = "Tests", "Tests\Tests.csproj", "{B390A0FC-52C5-41B5-8898-DCAEE4DBEE3B}"
EndProject
Project("{FAE04EC0-301F-11D3-BF4B-00C04F79EFBC}") = "MyDataStructures", "MyDataStructures\MyDataStructures.csproj", "{9F16F764-7FFF-46F7-AFB7-77FC5AE82D43}"
EndProject
Global
	GlobalSection(SolutionConfigurationPlatforms) = preSolution
		Debug|Any CPU = Debug|Any CPU
		Release|Any CPU = Release|Any CPU
	EndGlobalSection
	GlobalSection(ProjectConfigurationPlatforms) = postSolution
		{B390A0FC-52C5-41B5-8898-DCAEE4DBEE3B}.Debug|Any CPU.ActiveCfg = Debug|Any CPU
		{B390A0FC-52C5-41B5-8898-DCAEE4DBEE3B}.Debug|Any CPU.Build.0 = Debug|Any CPU
		{B390A0FC-52C5-41B5-8898-DCAEE4DBEE3B}.Release|Any CPU.ActiveCfg = Release|Any CPU
		{B390A0FC-52C5-41B5-8898-DCAEE4DBEE3B}.Release|Any CPU.Build.0 = Release|Any CPU
		{9F16F764-7FFF-46F7-AFB7-77FC5AE82D43}.Debug|Any CPU.ActiveCfg = Debug|Any CPU
		{9F16F764-7FFF-46F7-AFB7-77FC5AE82D43}.Debug|Any CPU.Build.0 = Debug|Any CPU
		{9F16F764-7FFF-46F7-AFB7-77FC5AE82D43}.Release|Any CPU.ActiveCfg = Release|Any CPU
		{9F16F764-7FFF-46F7-AFB7-77FC5AE82D43}.Release|Any CPU.Build.0 = Release|Any CPU
	EndGlobalSection
	GlobalSection(SolutionProperties) = preSolution
		HideSolutionNode = FALSE
	EndGlobalSection
	GlobalSection(ExtensibilityGlobals) = postSolution
		SolutionGuid = {58AF3A34-245A-4942-AC31-A1044D047262}
	EndGlobalSection
EndGlobal
